// !$*UTF8*$!
{
	archiveVersion = 1;
	classes = {
	};
	objectVersion = 71;
	objects = {

/* Begin PBXBuildFile section */
		CB0BF8662BFFD96900C4612C /* FirebaseAnalytics in Frameworks */ = {isa = PBXBuildFile; productRef = CB0BF8652BFFD96900C4612C /* FirebaseAnalytics */; };
		CB0BF8682BFFD96900C4612C /* FirebaseAnalyticsOnDeviceConversion in Frameworks */ = {isa = PBXBuildFile; productRef = CB0BF8672BFFD96900C4612C /* FirebaseAnalyticsOnDeviceConversion */; };
		CB0BF86C2BFFD96900C4612C /* FirebaseAnalyticsWithoutAdIdSupport in Frameworks */ = {isa = PBXBuildFile; productRef = CB0BF86B2BFFD96900C4612C /* FirebaseAnalyticsWithoutAdIdSupport */; };
		CB0BF86E2BFFD96900C4612C /* FirebaseAppCheck in Frameworks */ = {isa = PBXBuildFile; productRef = CB0BF86D2BFFD96900C4612C /* FirebaseAppCheck */; };
		CB0BF8702BFFD96900C4612C /* FirebaseAppDistribution-Beta in Frameworks */ = {isa = PBXBuildFile; productRef = CB0BF86F2BFFD96900C4612C /* FirebaseAppDistribution-Beta */; };
		CB0BF8722BFFD96900C4612C /* FirebaseAuth in Frameworks */ = {isa = PBXBuildFile; productRef = CB0BF8712BFFD96900C4612C /* FirebaseAuth */; };
		CB0BF8742BFFD96900C4612C /* FirebaseAuthCombine-Community in Frameworks */ = {isa = PBXBuildFile; productRef = CB0BF8732BFFD96900C4612C /* FirebaseAuthCombine-Community */; };
		CB0BF8762BFFD96900C4612C /* FirebaseCrashlytics in Frameworks */ = {isa = PBXBuildFile; productRef = CB0BF8752BFFD96900C4612C /* FirebaseCrashlytics */; };
		CB0BF8782BFFD96900C4612C /* FirebaseDatabase in Frameworks */ = {isa = PBXBuildFile; productRef = CB0BF8772BFFD96900C4612C /* FirebaseDatabase */; };
		CB0BF87C2BFFD96900C4612C /* FirebaseDynamicLinks in Frameworks */ = {isa = PBXBuildFile; productRef = CB0BF87B2BFFD96900C4612C /* FirebaseDynamicLinks */; };
		CB0BF87E2BFFD96900C4612C /* FirebaseFirestore in Frameworks */ = {isa = PBXBuildFile; productRef = CB0BF87D2BFFD96900C4612C /* FirebaseFirestore */; };
		CB0BF8802BFFD96900C4612C /* FirebaseFirestoreCombine-Community in Frameworks */ = {isa = PBXBuildFile; productRef = CB0BF87F2BFFD96900C4612C /* FirebaseFirestoreCombine-Community */; };
		CB0BF8842BFFD96900C4612C /* FirebaseFunctions in Frameworks */ = {isa = PBXBuildFile; productRef = CB0BF8832BFFD96900C4612C /* FirebaseFunctions */; };
		CB0BF8862BFFD96900C4612C /* FirebaseFunctionsCombine-Community in Frameworks */ = {isa = PBXBuildFile; productRef = CB0BF8852BFFD96900C4612C /* FirebaseFunctionsCombine-Community */; };
		CB0BF8882BFFD96900C4612C /* FirebaseInAppMessaging-Beta in Frameworks */ = {isa = PBXBuildFile; productRef = CB0BF8872BFFD96900C4612C /* FirebaseInAppMessaging-Beta */; };
		CB0BF88C2BFFD96900C4612C /* FirebaseInstallations in Frameworks */ = {isa = PBXBuildFile; productRef = CB0BF88B2BFFD96900C4612C /* FirebaseInstallations */; };
		CB0BF88E2BFFD96900C4612C /* FirebaseMessaging in Frameworks */ = {isa = PBXBuildFile; productRef = CB0BF88D2BFFD96900C4612C /* FirebaseMessaging */; };
		CB0BF8902BFFD96900C4612C /* FirebaseMLModelDownloader in Frameworks */ = {isa = PBXBuildFile; productRef = CB0BF88F2BFFD96900C4612C /* FirebaseMLModelDownloader */; };
		CB0BF8922BFFD96900C4612C /* FirebasePerformance in Frameworks */ = {isa = PBXBuildFile; productRef = CB0BF8912BFFD96900C4612C /* FirebasePerformance */; };
		CB0BF8942BFFD96900C4612C /* FirebaseRemoteConfig in Frameworks */ = {isa = PBXBuildFile; productRef = CB0BF8932BFFD96900C4612C /* FirebaseRemoteConfig */; };
		CB0BF8982BFFD96900C4612C /* FirebaseStorage in Frameworks */ = {isa = PBXBuildFile; productRef = CB0BF8972BFFD96900C4612C /* FirebaseStorage */; };
		CB0BF89A2BFFD96900C4612C /* FirebaseStorageCombine-Community in Frameworks */ = {isa = PBXBuildFile; productRef = CB0BF8992BFFD96900C4612C /* FirebaseStorageCombine-Community */; };
		CB4BCB7C2E4146DB00FC54A5 /* Airbridge in Frameworks */ = {isa = PBXBuildFile; productRef = CB4BCB7B2E4146DB00FC54A5 /* Airbridge */; };
		CBB78C1A2DBBE55400FD0DA4 /* AlgoliaSearchClient in Frameworks */ = {isa = PBXBuildFile; productRef = CBB78C192DBBE55400FD0DA4 /* AlgoliaSearchClient */; };
		CBB78CB62DE4E35700FD0DA4 /* SendGrid in Frameworks */ = {isa = PBXBuildFile; productRef = CBB78CB52DE4E35700FD0DA4 /* SendGrid */; };
		CBB78CC22DE621B900FD0DA4 /* Qonversion in Frameworks */ = {isa = PBXBuildFile; productRef = CBB78CC12DE621B900FD0DA4 /* Qonversion */; };
		CBC270682E0487C20075C931 /* Mixpanel in Frameworks */ = {isa = PBXBuildFile; productRef = CBC270672E0487C20075C931 /* Mixpanel */; };
/* End PBXBuildFile section */

/* Begin PBXFileReference section */
		CB0BF8042BFBE61F00C4612C /* Nightflyy.app */ = {isa = PBXFileReference; explicitFileType = wrapper.application; includeInIndex = 0; path = Nightflyy.app; sourceTree = BUILT_PRODUCTS_DIR; };
/* End PBXFileReference section */

/* Begin PBXFileSystemSynchronizedBuildFileExceptionSet section */
		CBB91F602EB951110061738F /* PBXFileSystemSynchronizedBuildFileExceptionSet */ = {
			isa = PBXFileSystemSynchronizedBuildFileExceptionSet;
			membershipExceptions = (
				Config/Development.xcconfig,
				Config/Production.xcconfig,
				Info.plist,
			);
			target = CB0BF8032BFBE61F00C4612C /* Nightflyy */;
		};
/* End PBXFileSystemSynchronizedBuildFileExceptionSet section */

/* Begin PBXFileSystemSynchronizedRootGroup section */
		CBB91E552EB951110061738F /* Nightflyy */ = {isa = PBXFileSystemSynchronizedRootGroup; exceptions = (CBB91F602EB951110061738F /* PBXFileSystemSynchronizedBuildFileExceptionSet */, ); explicitFileTypes = {}; explicitFolders = (); path = Nightflyy; sourceTree = "<group>"; };
/* End PBXFileSystemSynchronizedRootGroup section */

/* Begin PBXFrameworksBuildPhase section */
		CB0BF8012BFBE61F00C4612C /* Frameworks */ = {
			isa = PBXFrameworksBuildPhase;
			buildActionMask = 2147483647;
			files = (
				CBB78CB62DE4E35700FD0DA4 /* SendGrid in Frameworks */,
				CB0BF8782BFFD96900C4612C /* FirebaseDatabase in Frameworks */,
				CB0BF8862BFFD96900C4612C /* FirebaseFunctionsCombine-Community in Frameworks */,
				CB0BF87E2BFFD96900C4612C /* FirebaseFirestore in Frameworks */,
				CBB78CC22DE621B900FD0DA4 /* Qonversion in Frameworks */,
				CB0BF8662BFFD96900C4612C /* FirebaseAnalytics in Frameworks */,
				CB0BF8682BFFD96900C4612C /* FirebaseAnalyticsOnDeviceConversion in Frameworks */,
				CB0BF8902BFFD96900C4612C /* FirebaseMLModelDownloader in Frameworks */,
				CB0BF86E2BFFD96900C4612C /* FirebaseAppCheck in Frameworks */,
				CB4BCB7C2E4146DB00FC54A5 /* Airbridge in Frameworks */,
				CB0BF86C2BFFD96900C4612C /* FirebaseAnalyticsWithoutAdIdSupport in Frameworks */,
				CBB78C1A2DBBE55400FD0DA4 /* AlgoliaSearchClient in Frameworks */,
				CB0BF88E2BFFD96900C4612C /* FirebaseMessaging in Frameworks */,
				CB0BF8722BFFD96900C4612C /* FirebaseAuth in Frameworks */,
				CB0BF8762BFFD96900C4612C /* FirebaseCrashlytics in Frameworks */,
				CB0BF8882BFFD96900C4612C /* FirebaseInAppMessaging-Beta in Frameworks */,
				CB0BF89A2BFFD96900C4612C /* FirebaseStorageCombine-Community in Frameworks */,
				CB0BF8942BFFD96900C4612C /* FirebaseRemoteConfig in Frameworks */,
				CB0BF8842BFFD96900C4612C /* FirebaseFunctions in Frameworks */,
				CB0BF8702BFFD96900C4612C /* FirebaseAppDistribution-Beta in Frameworks */,
				CB0BF8922BFFD96900C4612C /* FirebasePerformance in Frameworks */,
				CB0BF8742BFFD96900C4612C /* FirebaseAuthCombine-Community in Frameworks */,
				CB0BF8982BFFD96900C4612C /* FirebaseStorage in Frameworks */,
				CBC270682E0487C20075C931 /* Mixpanel in Frameworks */,
				CB0BF87C2BFFD96900C4612C /* FirebaseDynamicLinks in Frameworks */,
				CB0BF8802BFFD96900C4612C /* FirebaseFirestoreCombine-Community in Frameworks */,
				CB0BF88C2BFFD96900C4612C /* FirebaseInstallations in Frameworks */,
			);
			runOnlyForDeploymentPostprocessing = 0;
		};
/* End PBXFrameworksBuildPhase section */

/* Begin PBXGroup section */
		CB0BF7FB2BFBE61F00C4612C = {
			isa = PBXGroup;
			children = (
				CBB91E552EB951110061738F /* Nightflyy */,
				CB0BF8052BFBE61F00C4612C /* Products */,
				CB0BF8642BFFD96900C4612C /* Frameworks */,
			);
			sourceTree = "<group>";
		};
		CB0BF8052BFBE61F00C4612C /* Products */ = {
			isa = PBXGroup;
			children = (
				CB0BF8042BFBE61F00C4612C /* Nightflyy.app */,
			);
			name = Products;
			sourceTree = "<group>";
		};
		CB0BF8642BFFD96900C4612C /* Frameworks */ = {
			isa = PBXGroup;
			children = (
			);
			name = Frameworks;
			sourceTree = "<group>";
		};
/* End PBXGroup section */

/* Begin PBXNativeTarget section */
		CB0BF8032BFBE61F00C4612C /* Nightflyy */ = {
			isa = PBXNativeTarget;
			buildConfigurationList = CB0BF8172BFBE62000C4612C /* Build configuration list for PBXNativeTarget "Nightflyy" */;
			buildPhases = (
				CB0BF8002BFBE61F00C4612C /* Sources */,
				CB0BF8012BFBE61F00C4612C /* Frameworks */,
				CB0BF8022BFBE61F00C4612C /* Resources */,
			);
			buildRules = (
			);
			dependencies = (
			);
			fileSystemSynchronizedGroups = (
				CBB91E552EB951110061738F /* Nightflyy */,
			);
			name = Nightflyy;
			packageProductDependencies = (
				CB0BF8652BFFD96900C4612C /* FirebaseAnalytics */,
				CB0BF8672BFFD96900C4612C /* FirebaseAnalyticsOnDeviceConversion */,
				CB0BF86B2BFFD96900C4612C /* FirebaseAnalyticsWithoutAdIdSupport */,
				CB0BF86D2BFFD96900C4612C /* FirebaseAppCheck */,
				CB0BF86F2BFFD96900C4612C /* FirebaseAppDistribution-Beta */,
				CB0BF8712BFFD96900C4612C /* FirebaseAuth */,
				CB0BF8732BFFD96900C4612C /* FirebaseAuthCombine-Community */,
				CB0BF8752BFFD96900C4612C /* FirebaseCrashlytics */,
				CB0BF8772BFFD96900C4612C /* FirebaseDatabase */,
				CB0BF87B2BFFD96900C4612C /* FirebaseDynamicLinks */,
				CB0BF87D2BFFD96900C4612C /* FirebaseFirestore */,
				CB0BF87F2BFFD96900C4612C /* FirebaseFirestoreCombine-Community */,
				CB0BF8832BFFD96900C4612C /* FirebaseFunctions */,
				CB0BF8852BFFD96900C4612C /* FirebaseFunctionsCombine-Community */,
				CB0BF8872BFFD96900C4612C /* FirebaseInAppMessaging-Beta */,
				CB0BF88B2BFFD96900C4612C /* FirebaseInstallations */,
				CB0BF88D2BFFD96900C4612C /* FirebaseMessaging */,
				CB0BF88F2BFFD96900C4612C /* FirebaseMLModelDownloader */,
				CB0BF8912BFFD96900C4612C /* FirebasePerformance */,
				CB0BF8932BFFD96900C4612C /* FirebaseRemoteConfig */,
				CB0BF8972BFFD96900C4612C /* FirebaseStorage */,
				CB0BF8992BFFD96900C4612C /* FirebaseStorageCombine-Community */,
				CBB78C192DBBE55400FD0DA4 /* AlgoliaSearchClient */,
				CBB78CB52DE4E35700FD0DA4 /* SendGrid */,
				CBB78CC12DE621B900FD0DA4 /* Qonversion */,
				CBC270672E0487C20075C931 /* Mixpanel */,
				CB4BCB7B2E4146DB00FC54A5 /* Airbridge */,
			);
			productName = Nightflyy;
			productReference = CB0BF8042BFBE61F00C4612C /* Nightflyy.app */;
			productType = "com.apple.product-type.application";
		};
/* End PBXNativeTarget section */

/* Begin PBXProject section */
		CB0BF7FC2BFBE61F00C4612C /* Project object */ = {
			isa = PBXProject;
			attributes = {
				BuildIndependentTargetsInParallel = 1;
				LastSwiftUpdateCheck = 1540;
				LastUpgradeCheck = 2600;
				TargetAttributes = {
					CB0BF8032BFBE61F00C4612C = {
						CreatedOnToolsVersion = 15.4;
					};
				};
			};
			buildConfigurationList = CB0BF7FF2BFBE61F00C4612C /* Build configuration list for PBXProject "Nightflyy" */;
			compatibilityVersion = "Xcode 14.0";
			developmentRegion = en;
			hasScannedForEncodings = 0;
			knownRegions = (
				en,
				Base,
			);
			mainGroup = CB0BF7FB2BFBE61F00C4612C;
			packageReferences = (
				CB0BF8632BFFD85800C4612C /* XCRemoteSwiftPackageReference "firebase-ios-sdk" */,
				CBB78C142DBBE43E00FD0DA4 /* XCRemoteSwiftPackageReference "algoliasearch-client-swift" */,
				CBB78CB42DE4E35700FD0DA4 /* XCRemoteSwiftPackageReference "sendgrid-swift" */,
				CBB78CC02DE621B900FD0DA4 /* XCRemoteSwiftPackageReference "qonversion-ios-sdk" */,
				CBC270662E0487C20075C931 /* XCRemoteSwiftPackageReference "mixpanel-swift" */,
				CB4BCB7A2E4146DB00FC54A5 /* XCRemoteSwiftPackageReference "airbridge-ios-sdk-deployment" */,
			);
			productRefGroup = CB0BF8052BFBE61F00C4612C /* Products */;
			projectDirPath = "";
			projectRoot = "";
			targets = (
				CB0BF8032BFBE61F00C4612C /* Nightflyy */,
			);
		};
/* End PBXProject section */

/* Begin PBXResourcesBuildPhase section */
		CB0BF8022BFBE61F00C4612C /* Resources */ = {
			isa = PBXResourcesBuildPhase;
			buildActionMask = 2147483647;
			files = (
			);
			runOnlyForDeploymentPostprocessing = 0;
		};
/* End PBXResourcesBuildPhase section */

/* Begin PBXSourcesBuildPhase section */
		CB0BF8002BFBE61F00C4612C /* Sources */ = {
			isa = PBXSourcesBuildPhase;
			buildActionMask = 2147483647;
			files = (
			);
			runOnlyForDeploymentPostprocessing = 0;
		};
/* End PBXSourcesBuildPhase section */

/* Begin XCBuildConfiguration section */
		CB0BF8152BFBE62000C4612C /* Debug */ = {
			isa = XCBuildConfiguration;
			buildSettings = {
				ALWAYS_SEARCH_USER_PATHS = NO;
				ASSETCATALOG_COMPILER_GENERATE_SWIFT_ASSET_SYMBOL_EXTENSIONS = YES;
				CLANG_ANALYZER_NONNULL = YES;
				CLANG_ANALYZER_NUMBER_OBJECT_CONVERSION = YES_AGGRESSIVE;
				CLANG_CXX_LANGUAGE_STANDARD = "gnu++20";
				CLANG_ENABLE_MODULES = YES;
				CLANG_ENABLE_OBJC_ARC = YES;
				CLANG_ENABLE_OBJC_WEAK = YES;
				CLANG_WARN_BLOCK_CAPTURE_AUTORELEASING = YES;
				CLANG_WARN_BOOL_CONVERSION = YES;
				CLANG_WARN_COMMA = YES;
				CLANG_WARN_CONSTANT_CONVERSION = YES;
				CLANG_WARN_DEPRECATED_OBJC_IMPLEMENTATIONS = YES;
				CLANG_WARN_DIRECT_OBJC_ISA_USAGE = YES_ERROR;
				CLANG_WARN_DOCUMENTATION_COMMENTS = YES;
				CLANG_WARN_EMPTY_BODY = YES;
				CLANG_WARN_ENUM_CONVERSION = YES;
				CLANG_WARN_INFINITE_RECURSION = YES;
				CLANG_WARN_INT_CONVERSION = YES;
				CLANG_WARN_NON_LITERAL_NULL_CONVERSION = YES;
				CLANG_WARN_OBJC_IMPLICIT_RETAIN_SELF = YES;
				CLANG_WARN_OBJC_LITERAL_CONVERSION = YES;
				CLANG_WARN_OBJC_ROOT_CLASS = YES_ERROR;
				CLANG_WARN_QUOTED_INCLUDE_IN_FRAMEWORK_HEADER = YES;
				CLANG_WARN_RANGE_LOOP_ANALYSIS = YES;
				CLANG_WARN_STRICT_PROTOTYPES = YES;
				CLANG_WARN_SUSPICIOUS_MOVE = YES;
				CLANG_WARN_UNGUARDED_AVAILABILITY = YES_AGGRESSIVE;
				CLANG_WARN_UNREACHABLE_CODE = YES;
				CLANG_WARN__DUPLICATE_METHOD_MATCH = YES;
				COPY_PHASE_STRIP = NO;
				DEBUG_INFORMATION_FORMAT = dwarf;
				DEVELOPMENT_TEAM = YVH7KZM656;
				ENABLE_STRICT_OBJC_MSGSEND = YES;
				ENABLE_TESTABILITY = YES;
				ENABLE_USER_SCRIPT_SANDBOXING = YES;
				GCC_C_LANGUAGE_STANDARD = gnu17;
				GCC_DYNAMIC_NO_PIC = NO;
				GCC_NO_COMMON_BLOCKS = YES;
				GCC_OPTIMIZATION_LEVEL = 0;
				GCC_PREPROCESSOR_DEFINITIONS = (
					"DEBUG=1",
					"$(inherited)",
				);
				GCC_WARN_64_TO_32_BIT_CONVERSION = YES;
				GCC_WARN_ABOUT_RETURN_TYPE = YES_ERROR;
				GCC_WARN_UNDECLARED_SELECTOR = YES;
				GCC_WARN_UNINITIALIZED_AUTOS = YES_AGGRESSIVE;
				GCC_WARN_UNUSED_FUNCTION = YES;
				GCC_WARN_UNUSED_VARIABLE = YES;
				IPHONEOS_DEPLOYMENT_TARGET = 17.5;
				LOCALIZATION_PREFERS_STRING_CATALOGS = YES;
				MTL_ENABLE_DEBUG_INFO = INCLUDE_SOURCE;
				MTL_FAST_MATH = YES;
				ONLY_ACTIVE_ARCH = YES;
				SDKROOT = iphoneos;
				STRING_CATALOG_GENERATE_SYMBOLS = YES;
				SWIFT_ACTIVE_COMPILATION_CONDITIONS = "DEBUG $(inherited)";
				SWIFT_OPTIMIZATION_LEVEL = "-Onone";
			};
			name = Debug;
		};
		CB0BF8162BFBE62000C4612C /* Release */ = {
			isa = XCBuildConfiguration;
			buildSettings = {
				ALWAYS_SEARCH_USER_PATHS = NO;
				ASSETCATALOG_COMPILER_GENERATE_SWIFT_ASSET_SYMBOL_EXTENSIONS = YES;
				CLANG_ANALYZER_NONNULL = YES;
				CLANG_ANALYZER_NUMBER_OBJECT_CONVERSION = YES_AGGRESSIVE;
				CLANG_CXX_LANGUAGE_STANDARD = "gnu++20";
				CLANG_ENABLE_MODULES = YES;
				CLANG_ENABLE_OBJC_ARC = YES;
				CLANG_ENABLE_OBJC_WEAK = YES;
				CLANG_WARN_BLOCK_CAPTURE_AUTORELEASING = YES;
				CLANG_WARN_BOOL_CONVERSION = YES;
				CLANG_WARN_COMMA = YES;
				CLANG_WARN_CONSTANT_CONVERSION = YES;
				CLANG_WARN_DEPRECATED_OBJC_IMPLEMENTATIONS = YES;
				CLANG_WARN_DIRECT_OBJC_ISA_USAGE = YES_ERROR;
				CLANG_WARN_DOCUMENTATION_COMMENTS = YES;
				CLANG_WARN_EMPTY_BODY = YES;
				CLANG_WARN_ENUM_CONVERSION = YES;
				CLANG_WARN_INFINITE_RECURSION = YES;
				CLANG_WARN_INT_CONVERSION = YES;
				CLANG_WARN_NON_LITERAL_NULL_CONVERSION = YES;
				CLANG_WARN_OBJC_IMPLICIT_RETAIN_SELF = YES;
				CLANG_WARN_OBJC_LITERAL_CONVERSION = YES;
				CLANG_WARN_OBJC_ROOT_CLASS = YES_ERROR;
				CLANG_WARN_QUOTED_INCLUDE_IN_FRAMEWORK_HEADER = YES;
				CLANG_WARN_RANGE_LOOP_ANALYSIS = YES;
				CLANG_WARN_STRICT_PROTOTYPES = YES;
				CLANG_WARN_SUSPICIOUS_MOVE = YES;
				CLANG_WARN_UNGUARDED_AVAILABILITY = YES_AGGRESSIVE;
				CLANG_WARN_UNREACHABLE_CODE = YES;
				CLANG_WARN__DUPLICATE_METHOD_MATCH = YES;
				COPY_PHASE_STRIP = NO;
				DEBUG_INFORMATION_FORMAT = "dwarf-with-dsym";
				DEVELOPMENT_TEAM = YVH7KZM656;
				ENABLE_NS_ASSERTIONS = NO;
				ENABLE_STRICT_OBJC_MSGSEND = YES;
				ENABLE_USER_SCRIPT_SANDBOXING = YES;
				GCC_C_LANGUAGE_STANDARD = gnu17;
				GCC_NO_COMMON_BLOCKS = YES;
				GCC_WARN_64_TO_32_BIT_CONVERSION = YES;
				GCC_WARN_ABOUT_RETURN_TYPE = YES_ERROR;
				GCC_WARN_UNDECLARED_SELECTOR = YES;
				GCC_WARN_UNINITIALIZED_AUTOS = YES_AGGRESSIVE;
				GCC_WARN_UNUSED_FUNCTION = YES;
				GCC_WARN_UNUSED_VARIABLE = YES;
				IPHONEOS_DEPLOYMENT_TARGET = 17.5;
				LOCALIZATION_PREFERS_STRING_CATALOGS = YES;
				MTL_ENABLE_DEBUG_INFO = NO;
				MTL_FAST_MATH = YES;
				SDKROOT = iphoneos;
				STRING_CATALOG_GENERATE_SYMBOLS = YES;
				SWIFT_ACTIVE_COMPILATION_CONDITIONS = RELEASE;
				SWIFT_COMPILATION_MODE = wholemodule;
				VALIDATE_PRODUCT = YES;
			};
			name = Release;
		};
		CB0BF8182BFBE62000C4612C /* Debug */ = {
			isa = XCBuildConfiguration;
			baseConfigurationReferenceAnchor = CBB91E552EB951110061738F /* Nightflyy */;
			baseConfigurationReferenceRelativePath = Config/Development.xcconfig;
			buildSettings = {
				ASSETCATALOG_COMPILER_APPICON_NAME = AppIcon;
				ASSETCATALOG_COMPILER_GLOBAL_ACCENT_COLOR_NAME = AccentColor;
				CODE_SIGN_ENTITLEMENTS = Nightflyy/Nightflyy.entitlements;
				CODE_SIGN_IDENTITY = "Apple Development";
				CODE_SIGN_STYLE = Automatic;
				CURRENT_PROJECT_VERSION = 12;
				DEVELOPMENT_ASSET_PATHS = "\"Nightflyy/Preview Content\"";
				DEVELOPMENT_TEAM = YVH7KZM656;
				ENABLE_PREVIEWS = YES;
				GENERATE_INFOPLIST_FILE = YES;
				INFOPLIST_FILE = Nightflyy/Info.plist;
				INFOPLIST_KEY_LSApplicationCategoryType = "public.app-category.entertainment";
				INFOPLIST_KEY_NSLocationAlwaysAndWhenInUseUsageDescription = "This app uses your location to display nearby events.";
				INFOPLIST_KEY_NSLocationAlwaysUsageDescription = "This app uses your location to display nearby events.";
				INFOPLIST_KEY_NSLocationUsageDescription = "This app uses your location to display nearby events.";
				INFOPLIST_KEY_NSLocationWhenInUseUsageDescription = "This app uses your location to display nearby events.";
				INFOPLIST_KEY_UIApplicationSceneManifest_Generation = YES;
				INFOPLIST_KEY_UIApplicationSupportsIndirectInputEvents = YES;
				INFOPLIST_KEY_UILaunchScreen_Generation = YES;
				INFOPLIST_KEY_UILaunchStoryboardName = LaunchScreen.storyboard;
				INFOPLIST_KEY_UISupportedInterfaceOrientations = UIInterfaceOrientationPortrait;
				INFOPLIST_KEY_UISupportedInterfaceOrientations_iPad = "UIInterfaceOrientationLandscapeLeft UIInterfaceOrientationLandscapeRight UIInterfaceOrientationPortrait UIInterfaceOrientationPortraitUpsideDown";
				IPHONEOS_DEPLOYMENT_TARGET = 18.0;
				LD_RUNPATH_SEARCH_PATHS = (
					"$(inherited)",
					"@executable_path/Frameworks",
				);
				MARKETING_VERSION = 3.0.7;
				PRODUCT_BUNDLE_IDENTIFIER = dev.com.slydelife.Slyde;
				PRODUCT_NAME = "$(TARGET_NAME)";
				PROVISIONING_PROFILE_SPECIFIER = "";
				SUPPORTED_PLATFORMS = "iphoneos iphonesimulator";
				SUPPORTS_MACCATALYST = NO;
				SUPPORTS_MAC_DESIGNED_FOR_IPHONE_IPAD = NO;
				SUPPORTS_XR_DESIGNED_FOR_IPHONE_IPAD = NO;
				SWIFT_EMIT_LOC_STRINGS = YES;
				SWIFT_VERSION = 5.0;
				TARGETED_DEVICE_FAMILY = 1;
			};
			name = Debug;
		};
		CB0BF8192BFBE62000C4612C /* Release */ = {
			isa = XCBuildConfiguration;
			baseConfigurationReferenceAnchor = CBB91E552EB951110061738F /* Nightflyy */;
			baseConfigurationReferenceRelativePath = Config/Production.xcconfig;
			buildSettings = {
				ASSETCATALOG_COMPILER_APPICON_NAME = AppIcon;
				ASSETCATALOG_COMPILER_GLOBAL_ACCENT_COLOR_NAME = AccentColor;
				CODE_SIGN_ENTITLEMENTS = Nightflyy/Nightflyy.entitlements;
				CODE_SIGN_IDENTITY = "Apple Development";
				CODE_SIGN_STYLE = Automatic;
				CURRENT_PROJECT_VERSION = 12;
				DEVELOPMENT_ASSET_PATHS = "\"Nightflyy/Preview Content\"";
				DEVELOPMENT_TEAM = YVH7KZM656;
				ENABLE_PREVIEWS = YES;
				GCC_OPTIMIZATION_LEVEL = s;
				GENERATE_INFOPLIST_FILE = YES;
				INFOPLIST_FILE = Nightflyy/Info.plist;
				INFOPLIST_KEY_LSApplicationCategoryType = "public.app-category.entertainment";
				INFOPLIST_KEY_NSLocationAlwaysAndWhenInUseUsageDescription = "This app uses your location to display nearby events.";
				INFOPLIST_KEY_NSLocationAlwaysUsageDescription = "This app uses your location to display nearby events.";
				INFOPLIST_KEY_NSLocationUsageDescription = "This app uses your location to display nearby events.";
				INFOPLIST_KEY_NSLocationWhenInUseUsageDescription = "This app uses your location to display nearby events.";
				INFOPLIST_KEY_UIApplicationSceneManifest_Generation = YES;
				INFOPLIST_KEY_UIApplicationSupportsIndirectInputEvents = YES;
				INFOPLIST_KEY_UILaunchScreen_Generation = YES;
				INFOPLIST_KEY_UILaunchStoryboardName = LaunchScreen.storyboard;
				INFOPLIST_KEY_UISupportedInterfaceOrientations = UIInterfaceOrientationPortrait;
				INFOPLIST_KEY_UISupportedInterfaceOrientations_iPad = "UIInterfaceOrientationLandscapeLeft UIInterfaceOrientationLandscapeRight UIInterfaceOrientationPortrait UIInterfaceOrientationPortraitUpsideDown";
				IPHONEOS_DEPLOYMENT_TARGET = 18.0;
				LD_RUNPATH_SEARCH_PATHS = (
					"$(inherited)",
					"@executable_path/Frameworks",
				);
				MARKETING_VERSION = 3.0.7;
				PRODUCT_BUNDLE_IDENTIFIER = com.slydelife.Slyde;
				PRODUCT_NAME = "$(TARGET_NAME)";
				PROVISIONING_PROFILE_SPECIFIER = "";
				SUPPORTED_PLATFORMS = "iphoneos iphonesimulator";
				SUPPORTS_MACCATALYST = NO;
				SUPPORTS_MAC_DESIGNED_FOR_IPHONE_IPAD = NO;
				SUPPORTS_XR_DESIGNED_FOR_IPHONE_IPAD = NO;
				SWIFT_EMIT_LOC_STRINGS = YES;
				SWIFT_VERSION = 5.0;
				TARGETED_DEVICE_FAMILY = 1;
			};
			name = Release;
		};
/* End XCBuildConfiguration section */

/* Begin XCConfigurationList section */
		CB0BF7FF2BFBE61F00C4612C /* Build configuration list for PBXProject "Nightflyy" */ = {
			isa = XCConfigurationList;
			buildConfigurations = (
				CB0BF8152BFBE62000C4612C /* Debug */,
				CB0BF8162BFBE62000C4612C /* Release */,
			);
			defaultConfigurationIsVisible = 0;
			defaultConfigurationName = Release;
		};
		CB0BF8172BFBE62000C4612C /* Build configuration list for PBXNativeTarget "Nightflyy" */ = {
			isa = XCConfigurationList;
			buildConfigurations = (
				CB0BF8182BFBE62000C4612C /* Debug */,
				CB0BF8192BFBE62000C4612C /* Release */,
			);
			defaultConfigurationIsVisible = 0;
			defaultConfigurationName = Release;
		};
/* End XCConfigurationList section */

/* Begin XCRemoteSwiftPackageReference section */
		CB0BF8632BFFD85800C4612C /* XCRemoteSwiftPackageReference "firebase-ios-sdk" */ = {
			isa = XCRemoteSwiftPackageReference;
			repositoryURL = "https://github.com/firebase/firebase-ios-sdk.git";
			requirement = {
				kind = upToNextMajorVersion;
				minimumVersion = 11.5.0;
			};
		};
		CB4BCB7A2E4146DB00FC54A5 /* XCRemoteSwiftPackageReference "airbridge-ios-sdk-deployment" */ = {
			isa = XCRemoteSwiftPackageReference;
			repositoryURL = "https://github.com/ab180/airbridge-ios-sdk-deployment";
			requirement = {
				kind = upToNextMajorVersion;
				minimumVersion = 4.7.0;
			};
		};
		CBB78C142DBBE43E00FD0DA4 /* XCRemoteSwiftPackageReference "algoliasearch-client-swift" */ = {
			isa = XCRemoteSwiftPackageReference;
			repositoryURL = "https://github.com/algolia/algoliasearch-client-swift.git";
			requirement = {
				kind = exactVersion;
				version = 8.19.0;
			};
		};
		CBB78CB42DE4E35700FD0DA4 /* XCRemoteSwiftPackageReference "sendgrid-swift" */ = {
			isa = XCRemoteSwiftPackageReference;
			repositoryURL = "https://github.com/scottkawai/sendgrid-swift.git";
			requirement = {
				kind = upToNextMajorVersion;
				minimumVersion = 2.2.1;
			};
		};
		CBB78CC02DE621B900FD0DA4 /* XCRemoteSwiftPackageReference "qonversion-ios-sdk" */ = {
			isa = XCRemoteSwiftPackageReference;
			repositoryURL = "https://github.com/qonversion/qonversion-ios-sdk";
			requirement = {
				kind = upToNextMajorVersion;
				minimumVersion = 5.13.3;
			};
		};
		CBC270662E0487C20075C931 /* XCRemoteSwiftPackageReference "mixpanel-swift" */ = {
			isa = XCRemoteSwiftPackageReference;
			repositoryURL = "https://github.com/mixpanel/mixpanel-swift";
			requirement = {
				branch = master;
				kind = branch;
			};
		};
/* End XCRemoteSwiftPackageReference section */

/* Begin XCSwiftPackageProductDependency section */
		CB0BF8652BFFD96900C4612C /* FirebaseAnalytics */ = {
			isa = XCSwiftPackageProductDependency;
			package = CB0BF8632BFFD85800C4612C /* XCRemoteSwiftPackageReference "firebase-ios-sdk" */;
			productName = FirebaseAnalytics;
		};
		CB0BF8672BFFD96900C4612C /* FirebaseAnalyticsOnDeviceConversion */ = {
			isa = XCSwiftPackageProductDependency;
			package = CB0BF8632BFFD85800C4612C /* XCRemoteSwiftPackageReference "firebase-ios-sdk" */;
			productName = FirebaseAnalyticsOnDeviceConversion;
		};
		CB0BF86B2BFFD96900C4612C /* FirebaseAnalyticsWithoutAdIdSupport */ = {
			isa = XCSwiftPackageProductDependency;
			package = CB0BF8632BFFD85800C4612C /* XCRemoteSwiftPackageReference "firebase-ios-sdk" */;
			productName = FirebaseAnalyticsWithoutAdIdSupport;
		};
		CB0BF86D2BFFD96900C4612C /* FirebaseAppCheck */ = {
			isa = XCSwiftPackageProductDependency;
			package = CB0BF8632BFFD85800C4612C /* XCRemoteSwiftPackageReference "firebase-ios-sdk" */;
			productName = FirebaseAppCheck;
		};
		CB0BF86F2BFFD96900C4612C /* FirebaseAppDistribution-Beta */ = {
			isa = XCSwiftPackageProductDependency;
			package = CB0BF8632BFFD85800C4612C /* XCRemoteSwiftPackageReference "firebase-ios-sdk" */;
			productName = "FirebaseAppDistribution-Beta";
		};
		CB0BF8712BFFD96900C4612C /* FirebaseAuth */ = {
			isa = XCSwiftPackageProductDependency;
			package = CB0BF8632BFFD85800C4612C /* XCRemoteSwiftPackageReference "firebase-ios-sdk" */;
			productName = FirebaseAuth;
		};
		CB0BF8732BFFD96900C4612C /* FirebaseAuthCombine-Community */ = {
			isa = XCSwiftPackageProductDependency;
			package = CB0BF8632BFFD85800C4612C /* XCRemoteSwiftPackageReference "firebase-ios-sdk" */;
			productName = "FirebaseAuthCombine-Community";
		};
		CB0BF8752BFFD96900C4612C /* FirebaseCrashlytics */ = {
			isa = XCSwiftPackageProductDependency;
			package = CB0BF8632BFFD85800C4612C /* XCRemoteSwiftPackageReference "firebase-ios-sdk" */;
			productName = FirebaseCrashlytics;
		};
		CB0BF8772BFFD96900C4612C /* FirebaseDatabase */ = {
			isa = XCSwiftPackageProductDependency;
			package = CB0BF8632BFFD85800C4612C /* XCRemoteSwiftPackageReference "firebase-ios-sdk" */;
			productName = FirebaseDatabase;
		};
		CB0BF87B2BFFD96900C4612C /* FirebaseDynamicLinks */ = {
			isa = XCSwiftPackageProductDependency;
			package = CB0BF8632BFFD85800C4612C /* XCRemoteSwiftPackageReference "firebase-ios-sdk" */;
			productName = FirebaseDynamicLinks;
		};
		CB0BF87D2BFFD96900C4612C /* FirebaseFirestore */ = {
			isa = XCSwiftPackageProductDependency;
			package = CB0BF8632BFFD85800C4612C /* XCRemoteSwiftPackageReference "firebase-ios-sdk" */;
			productName = FirebaseFirestore;
		};
		CB0BF87F2BFFD96900C4612C /* FirebaseFirestoreCombine-Community */ = {
			isa = XCSwiftPackageProductDependency;
			package = CB0BF8632BFFD85800C4612C /* XCRemoteSwiftPackageReference "firebase-ios-sdk" */;
			productName = "FirebaseFirestoreCombine-Community";
		};
		CB0BF8832BFFD96900C4612C /* FirebaseFunctions */ = {
			isa = XCSwiftPackageProductDependency;
			package = CB0BF8632BFFD85800C4612C /* XCRemoteSwiftPackageReference "firebase-ios-sdk" */;
			productName = FirebaseFunctions;
		};
		CB0BF8852BFFD96900C4612C /* FirebaseFunctionsCombine-Community */ = {
			isa = XCSwiftPackageProductDependency;
			package = CB0BF8632BFFD85800C4612C /* XCRemoteSwiftPackageReference "firebase-ios-sdk" */;
			productName = "FirebaseFunctionsCombine-Community";
		};
		CB0BF8872BFFD96900C4612C /* FirebaseInAppMessaging-Beta */ = {
			isa = XCSwiftPackageProductDependency;
			package = CB0BF8632BFFD85800C4612C /* XCRemoteSwiftPackageReference "firebase-ios-sdk" */;
			productName = "FirebaseInAppMessaging-Beta";
		};
		CB0BF88B2BFFD96900C4612C /* FirebaseInstallations */ = {
			isa = XCSwiftPackageProductDependency;
			package = CB0BF8632BFFD85800C4612C /* XCRemoteSwiftPackageReference "firebase-ios-sdk" */;
			productName = FirebaseInstallations;
		};
		CB0BF88D2BFFD96900C4612C /* FirebaseMessaging */ = {
			isa = XCSwiftPackageProductDependency;
			package = CB0BF8632BFFD85800C4612C /* XCRemoteSwiftPackageReference "firebase-ios-sdk" */;
			productName = FirebaseMessaging;
		};
		CB0BF88F2BFFD96900C4612C /* FirebaseMLModelDownloader */ = {
			isa = XCSwiftPackageProductDependency;
			package = CB0BF8632BFFD85800C4612C /* XCRemoteSwiftPackageReference "firebase-ios-sdk" */;
			productName = FirebaseMLModelDownloader;
		};
		CB0BF8912BFFD96900C4612C /* FirebasePerformance */ = {
			isa = XCSwiftPackageProductDependency;
			package = CB0BF8632BFFD85800C4612C /* XCRemoteSwiftPackageReference "firebase-ios-sdk" */;
			productName = FirebasePerformance;
		};
		CB0BF8932BFFD96900C4612C /* FirebaseRemoteConfig */ = {
			isa = XCSwiftPackageProductDependency;
			package = CB0BF8632BFFD85800C4612C /* XCRemoteSwiftPackageReference "firebase-ios-sdk" */;
			productName = FirebaseRemoteConfig;
		};
		CB0BF8972BFFD96900C4612C /* FirebaseStorage */ = {
			isa = XCSwiftPackageProductDependency;
			package = CB0BF8632BFFD85800C4612C /* XCRemoteSwiftPackageReference "firebase-ios-sdk" */;
			productName = FirebaseStorage;
		};
		CB0BF8992BFFD96900C4612C /* FirebaseStorageCombine-Community */ = {
			isa = XCSwiftPackageProductDependency;
			package = CB0BF8632BFFD85800C4612C /* XCRemoteSwiftPackageReference "firebase-ios-sdk" */;
			productName = "FirebaseStorageCombine-Community";
		};
		CB4BCB7B2E4146DB00FC54A5 /* Airbridge */ = {
			isa = XCSwiftPackageProductDependency;
			package = CB4BCB7A2E4146DB00FC54A5 /* XCRemoteSwiftPackageReference "airbridge-ios-sdk-deployment" */;
			productName = Airbridge;
		};
		CBB78C192DBBE55400FD0DA4 /* AlgoliaSearchClient */ = {
			isa = XCSwiftPackageProductDependency;
			package = CBB78C142DBBE43E00FD0DA4 /* XCRemoteSwiftPackageReference "algoliasearch-client-swift" */;
			productName = AlgoliaSearchClient;
		};
		CBB78CB52DE4E35700FD0DA4 /* SendGrid */ = {
			isa = XCSwiftPackageProductDependency;
			package = CBB78CB42DE4E35700FD0DA4 /* XCRemoteSwiftPackageReference "sendgrid-swift" */;
			productName = SendGrid;
		};
		CBB78CC12DE621B900FD0DA4 /* Qonversion */ = {
			isa = XCSwiftPackageProductDependency;
			package = CBB78CC02DE621B900FD0DA4 /* XCRemoteSwiftPackageReference "qonversion-ios-sdk" */;
			productName = Qonversion;
		};
		CBC270672E0487C20075C931 /* Mixpanel */ = {
			isa = XCSwiftPackageProductDependency;
			package = CBC270662E0487C20075C931 /* XCRemoteSwiftPackageReference "mixpanel-swift" */;
			productName = Mixpanel;
		};
/* End XCSwiftPackageProductDependency section */
	};
	rootObject = CB0BF7FC2BFBE61F00C4612C /* Project object */;
}
